
Microsoft Visual Studio Solution File, Format Version 12.00
# Visual Studio Version 17
VisualStudioVersion = 17.11.35327.3
MinimumVisualStudioVersion = 10.0.40219.1
Project("{9A19103F-16F7-4668-BE54-9A1E7A4F7556}") = "novSocial_media", "novSocial_media\novSocial_media.csproj", "{370F52F7-8CC5-4394-8499-3E0A95E07B99}"
EndProject
Project("{9A19103F-16F7-4668-BE54-9A1E7A4F7556}") = "BulkyWebRazor_Temp", "BulkyWebRazor_Temp\BulkyWebRazor_Temp.csproj", "{0C766E45-8C8D-4EB7-B59B-F38843EA0B54}"
EndProject
Project("{FAE04EC0-301F-11D3-BF4B-00C04F79EFBC}") = "Bulky.DataAccess", "Bulky.DataAccess\Bulky.DataAccess.csproj", "{21B3333A-2345-4099-9A1C-1A3AF77F92A5}"
EndProject
Project("{FAE04EC0-301F-11D3-BF4B-00C04F79EFBC}") = "Bulky.Models", "Bulky.Models\Bulky.Models.csproj", "{CE0E2750-0E43-4604-A79B-CBC382E43335}"
EndProject
Project("{FAE04EC0-301F-11D3-BF4B-00C04F79EFBC}") = "Bulky.Utility", "Bulky.Utility\Bulky.Utility.csproj", "{197F9DA6-F18E-4F8F-B2D9-BA68873D137D}"
EndProject
Global
	GlobalSection(SolutionConfigurationPlatforms) = preSolution
		Debug|Any CPU = Debug|Any CPU
		Release|Any CPU = Release|Any CPU
	EndGlobalSection
	GlobalSection(ProjectConfigurationPlatforms) = postSolution
		{370F52F7-8CC5-4394-8499-3E0A95E07B99}.Debug|Any CPU.ActiveCfg = Debug|Any CPU
		{370F52F7-8CC5-4394-8499-3E0A95E07B99}.Debug|Any CPU.Build.0 = Debug|Any CPU
		{370F52F7-8CC5-4394-8499-3E0A95E07B99}.Release|Any CPU.ActiveCfg = Release|Any CPU
		{370F52F7-8CC5-4394-8499-3E0A95E07B99}.Release|Any CPU.Build.0 = Release|Any CPU
		{0C766E45-8C8D-4EB7-B59B-F38843EA0B54}.Debug|Any CPU.ActiveCfg = Debug|Any CPU
		{0C766E45-8C8D-4EB7-B59B-F38843EA0B54}.Debug|Any CPU.Build.0 = Debug|Any CPU
		{0C766E45-8C8D-4EB7-B59B-F38843EA0B54}.Release|Any CPU.ActiveCfg = Release|Any CPU
		{0C766E45-8C8D-4EB7-B59B-F38843EA0B54}.Release|Any CPU.Build.0 = Release|Any CPU
		{21B3333A-2345-4099-9A1C-1A3AF77F92A5}.Debug|Any CPU.ActiveCfg = Debug|Any CPU
		{21B3333A-2345-4099-9A1C-1A3AF77F92A5}.Debug|Any CPU.Build.0 = Debug|Any CPU
		{21B3333A-2345-4099-9A1C-1A3AF77F92A5}.Release|Any CPU.ActiveCfg = Release|Any CPU
		{21B3333A-2345-4099-9A1C-1A3AF77F92A5}.Release|Any CPU.Build.0 = Release|Any CPU
		{CE0E2750-0E43-4604-A79B-CBC382E43335}.Debug|Any CPU.ActiveCfg = Debug|Any CPU
		{CE0E2750-0E43-4604-A79B-CBC382E43335}.Debug|Any CPU.Build.0 = Debug|Any CPU
		{CE0E2750-0E43-4604-A79B-CBC382E43335}.Release|Any CPU.ActiveCfg = Release|Any CPU
		{CE0E2750-0E43-4604-A79B-CBC382E43335}.Release|Any CPU.Build.0 = Release|Any CPU
		{197F9DA6-F18E-4F8F-B2D9-BA68873D137D}.Debug|Any CPU.ActiveCfg = Debug|Any CPU
		{197F9DA6-F18E-4F8F-B2D9-BA68873D137D}.Debug|Any CPU.Build.0 = Debug|Any CPU
		{197F9DA6-F18E-4F8F-B2D9-BA68873D137D}.Release|Any CPU.ActiveCfg = Release|Any CPU
		{197F9DA6-F18E-4F8F-B2D9-BA68873D137D}.Release|Any CPU.Build.0 = Release|Any CPU
	EndGlobalSection
	GlobalSection(SolutionProperties) = preSolution
		HideSolutionNode = FALSE
	EndGlobalSection
	GlobalSection(ExtensibilityGlobals) = postSolution
		SolutionGuid = {FA1BAC42-7218-4785-ABA3-93FB0DB855B0}
	EndGlobalSection
EndGlobal
